{
  "name": "my-ai",
  "lockfileVersion": 3,
  "requires": true,
  "packages": {
    "": {
      "name": "my-ai",
      "dependencies": {
        "jose": "^6.0.0"
      }
    },
    "node_modules/jose": {
      "version": "6.2.9",
      "resolved": "https://registry.npmjs.org/jose/-/jose-6.2.9.tgz",
      "integrity": "sha512-XrchZOFZUl/T3vTwRe8XK+cJrGtMF4th1ARnDfwbBXFKThGhlsxEE4Zu03AD/bjJSt/9jT/mxrOCkJWOg77aPA==",
      "license": "MIT",
      "funding": {
        "url": "https://github.com/sponsors/panva"
      }
    }
  }
}
